
Microsoft Visual Studio Solution File, Format Version 12.00
# Visual Studio Version 17
VisualStudioVersion = 17.14.36221.1 d17.14
MinimumVisualStudioVersion = 10.0.40219.1
Project("{FAE04EC0-301F-11D3-BF4B-00C04F79EFBC}") = "SimpleCRUDAPI", "SimpleCRUDAPI\SimpleCRUDAPI.csproj", "{4B01A8C3-767B-4A83-850E-DD9234F68C4B}"
EndProject
Global
	GlobalSection(SolutionConfigurationPlatforms) = preSolution
		Debug|Any CPU = Debug|Any CPU
		Release|Any CPU = Release|Any CPU
	EndGlobalSection
	GlobalSection(ProjectConfigurationPlatforms) = postSolution
		{4B01A8C3-767B-4A83-850E-DD9234F68C4B}.Debug|Any CPU.ActiveCfg = Debug|Any CPU
		{4B01A8C3-767B-4A83-850E-DD9234F68C4B}.Debug|Any CPU.Build.0 = Debug|Any CPU
		{4B01A8C3-767B-4A83-850E-DD9234F68C4B}.Release|Any CPU.ActiveCfg = Release|Any CPU
		{4B01A8C3-767B-4A83-850E-DD9234F68C4B}.Release|Any CPU.Build.0 = Release|Any CPU
	EndGlobalSection
	GlobalSection(SolutionProperties) = preSolution
		HideSolutionNode = FALSE
	EndGlobalSection
	GlobalSection(ExtensibilityGlobals) = postSolution
		SolutionGuid = {16C5D132-E215-4D76-8495-6DA51DA86478}
	EndGlobalSection
EndGlobal
